
Microsoft Visual Studio Solution File, Format Version 12.00
# Visual Studio Version 17
VisualStudioVersion = 17.8.34309.116
MinimumVisualStudioVersion = 10.0.40219.1
Project("{FAE04EC0-301F-11D3-BF4B-00C04F79EFBC}") = "pro", "pro\pro.csproj", "{06310384-FCA3-4B04-9C2C-A9BCD70F134E}"
EndProject
Global
	GlobalSection(SolutionConfigurationPlatforms) = preSolution
		Debug|Any CPU = Debug|Any CPU
		Release|Any CPU = Release|Any CPU
	EndGlobalSection
	GlobalSection(ProjectConfigurationPlatforms) = postSolution
		{06310384-FCA3-4B04-9C2C-A9BCD70F134E}.Debug|Any CPU.ActiveCfg = Debug|Any CPU
		{06310384-FCA3-4B04-9C2C-A9BCD70F134E}.Debug|Any CPU.Build.0 = Debug|Any CPU
		{06310384-FCA3-4B04-9C2C-A9BCD70F134E}.Release|Any CPU.ActiveCfg = Release|Any CPU
		{06310384-FCA3-4B04-9C2C-A9BCD70F134E}.Release|Any CPU.Build.0 = Release|Any CPU
	EndGlobalSection
	GlobalSection(SolutionProperties) = preSolution
		HideSolutionNode = FALSE
	EndGlobalSection
	GlobalSection(ExtensibilityGlobals) = postSolution
		SolutionGuid = {2DCF9D3A-7C30-4B72-BFE6-E570CFF1E534}
	EndGlobalSection
EndGlobal
